
Microsoft Visual Studio Solution File, Format Version 12.00
# Visual Studio Version 17
VisualStudioVersion = 17.0.31903.59
MinimumVisualStudioVersion = 10.0.40219.1
Project("{2150E333-8FDC-42A3-9474-1A3956D46DE8}") = "src", "src", "{17A751ED-AC60-4006-9A93-55E6F25E17CB}"
EndProject
Project("{2150E333-8FDC-42A3-9474-1A3956D46DE8}") = "resources", "resources", "{B26E1173-4B4D-4916-B0E9-5BA55648E978}"
EndProject
Project("{FAE04EC0-301F-11D3-BF4B-00C04F79EFBC}") = "RagDocuments", "src\RagDocuments\RagDocuments.csproj", "{0BC01EC6-65BB-40FD-BCCB-7B31A8B6C0A0}"
EndProject
Project("{E53339B2-1760-4266-BCC7-CA923CBCF16C}") = "docker-compose", "src\Compose\docker-compose.dcproj", "{D9D13EBE-FB80-4612-BA88-8300812B93BB}"
EndProject
Global
	GlobalSection(SolutionConfigurationPlatforms) = preSolution
		Debug|Any CPU = Debug|Any CPU
		Release|Any CPU = Release|Any CPU
	EndGlobalSection
	GlobalSection(ProjectConfigurationPlatforms) = postSolution
		{0BC01EC6-65BB-40FD-BCCB-7B31A8B6C0A0}.Debug|Any CPU.ActiveCfg = Debug|Any CPU
		{0BC01EC6-65BB-40FD-BCCB-7B31A8B6C0A0}.Debug|Any CPU.Build.0 = Debug|Any CPU
		{0BC01EC6-65BB-40FD-BCCB-7B31A8B6C0A0}.Release|Any CPU.ActiveCfg = Release|Any CPU
		{0BC01EC6-65BB-40FD-BCCB-7B31A8B6C0A0}.Release|Any CPU.Build.0 = Release|Any CPU
		{D9D13EBE-FB80-4612-BA88-8300812B93BB}.Debug|Any CPU.ActiveCfg = Debug|Any CPU
		{D9D13EBE-FB80-4612-BA88-8300812B93BB}.Debug|Any CPU.Build.0 = Debug|Any CPU
		{D9D13EBE-FB80-4612-BA88-8300812B93BB}.Release|Any CPU.ActiveCfg = Release|Any CPU
		{D9D13EBE-FB80-4612-BA88-8300812B93BB}.Release|Any CPU.Build.0 = Release|Any CPU
	EndGlobalSection
	GlobalSection(SolutionProperties) = preSolution
		HideSolutionNode = FALSE
	EndGlobalSection
	GlobalSection(NestedProjects) = preSolution
		{0BC01EC6-65BB-40FD-BCCB-7B31A8B6C0A0} = {17A751ED-AC60-4006-9A93-55E6F25E17CB}
		{D9D13EBE-FB80-4612-BA88-8300812B93BB} = {17A751ED-AC60-4006-9A93-55E6F25E17CB}
	EndGlobalSection
EndGlobal
